{
    "name": "translation-app-monorerepo",
    "lockfileVersion": 3,
    "requires": true,
    "packages": {
        "": {
            "name": "translation-app-monorerepo",
            "hasInstallScript": true,
            "engines": {
                "node": "20.x"
            }
        }
    }
}
